
Microsoft Visual Studio Solution File, Format Version 12.00
# Visual Studio Version 17
VisualStudioVersion = 17.3.32929.385
MinimumVisualStudioVersion = 10.0.40219.1
Project("{FAE04EC0-301F-11D3-BF4B-00C04F79EFBC}") = "HomeworkSeventeen", "HomeworkSeventeen\HomeworkSeventeen.csproj", "{B718C75D-FAC8-4F95-9E7D-31D810AE901F}"
EndProject
Global
	GlobalSection(SolutionConfigurationPlatforms) = preSolution
		Debug|Any CPU = Debug|Any CPU
		Release|Any CPU = Release|Any CPU
	EndGlobalSection
	GlobalSection(ProjectConfigurationPlatforms) = postSolution
		{B718C75D-FAC8-4F95-9E7D-31D810AE901F}.Debug|Any CPU.ActiveCfg = Debug|Any CPU
		{B718C75D-FAC8-4F95-9E7D-31D810AE901F}.Debug|Any CPU.Build.0 = Debug|Any CPU
		{B718C75D-FAC8-4F95-9E7D-31D810AE901F}.Release|Any CPU.ActiveCfg = Release|Any CPU
		{B718C75D-FAC8-4F95-9E7D-31D810AE901F}.Release|Any CPU.Build.0 = Release|Any CPU
	EndGlobalSection
	GlobalSection(SolutionProperties) = preSolution
		HideSolutionNode = FALSE
	EndGlobalSection
	GlobalSection(ExtensibilityGlobals) = postSolution
		SolutionGuid = {AE08C9A9-33DD-4331-B09F-E7EB51527F13}
	EndGlobalSection
EndGlobal
